
Microsoft Visual Studio Solution File, Format Version 12.00
# Visual Studio Version 16
VisualStudioVersion = 16.0.29411.108
MinimumVisualStudioVersion = 10.0.40219.1
Project("{FAE04EC0-301F-11D3-BF4B-00C04F79EFBC}") = "api", "api\api.csproj", "{89EFAB5C-3158-4542-8E2C-E33D800E1DEE}"
EndProject
Global
	GlobalSection(SolutionConfigurationPlatforms) = preSolution
		Debug|Any CPU = Debug|Any CPU
		Release|Any CPU = Release|Any CPU
	EndGlobalSection
	GlobalSection(ProjectConfigurationPlatforms) = postSolution
		{89EFAB5C-3158-4542-8E2C-E33D800E1DEE}.Debug|Any CPU.ActiveCfg = Debug|Any CPU
		{89EFAB5C-3158-4542-8E2C-E33D800E1DEE}.Debug|Any CPU.Build.0 = Debug|Any CPU
		{89EFAB5C-3158-4542-8E2C-E33D800E1DEE}.Release|Any CPU.ActiveCfg = Release|Any CPU
		{89EFAB5C-3158-4542-8E2C-E33D800E1DEE}.Release|Any CPU.Build.0 = Release|Any CPU
	EndGlobalSection
	GlobalSection(SolutionProperties) = preSolution
		HideSolutionNode = FALSE
	EndGlobalSection
	GlobalSection(ExtensibilityGlobals) = postSolution
		SolutionGuid = {0FF2CB9D-E18F-4A38-8C96-444D417F4239}
	EndGlobalSection
EndGlobal
